
Microsoft Visual Studio Solution File, Format Version 12.00
# Visual Studio Version 17
VisualStudioVersion = 17.2.32616.157
MinimumVisualStudioVersion = 10.0.40219.1
Project("{2150E333-8FDC-42A3-9474-1A3956D46DE8}") = "FrontEnd", "FrontEnd", "{E305A4C0-1179-4B09-9F53-EA740DB36BFE}"
EndProject
Project("{9A19103F-16F7-4668-BE54-9A1E7A4F7556}") = "Parmezzan.Web", "Parmezzan.Web\Parmezzan.Web.csproj", "{5AAA1944-03C0-4F30-95AA-4AEF29845CA1}"
EndProject
Project("{2150E333-8FDC-42A3-9474-1A3956D46DE8}") = "Services", "Services", "{13506C3C-0E72-470E-98A6-34F1CE051008}"
EndProject
Project("{9A19103F-16F7-4668-BE54-9A1E7A4F7556}") = "Parmezzan.Services.ProductAPI", "Parmezzan.Services.ProductAPI\Parmezzan.Services.ProductAPI.csproj", "{E0F50005-A6C5-4B99-91E9-064F448D035C}"
EndProject
Project("{9A19103F-16F7-4668-BE54-9A1E7A4F7556}") = "Parmezzan.Services.Identity", "Parmezzan.Services.Identity\Parmezzan.Services.Identity.csproj", "{6E38ECC3-C73E-45D7-A6CC-17BE5817142F}"
EndProject
Project("{9A19103F-16F7-4668-BE54-9A1E7A4F7556}") = "Parmezzan.Services.ShoppingCartAPI", "Parmezzan.Services.ShoppingCartAPI\Parmezzan.Services.ShoppingCartAPI.csproj", "{12757BEF-2E56-4968-8011-6FAB4656EC68}"
EndProject
Project("{9A19103F-16F7-4668-BE54-9A1E7A4F7556}") = "Parmezzan.Services.OrderAPI", "Parmezzan.Services.OrderAPI\Parmezzan.Services.OrderAPI.csproj", "{3DB8C312-5C54-4C15-8433-ED54A9A3C10F}"
EndProject
Project("{2150E333-8FDC-42A3-9474-1A3956D46DE8}") = "Payments", "Payments", "{2E8AF48F-5005-49E8-A346-8B067CBB8949}"
EndProject
Project("{9A19103F-16F7-4668-BE54-9A1E7A4F7556}") = "Parmezzan.PaymentProcessor", "Parmezzan.PaymentProcessor\Parmezzan.PaymentProcessor.csproj", "{A02C2F85-777E-40ED-860B-F7FF5CE9D1EB}"
EndProject
Project("{2150E333-8FDC-42A3-9474-1A3956D46DE8}") = "Integration", "Integration", "{7F4E7567-F606-40A9-9DDE-19C3E0ED69E0}"
EndProject
Project("{9A19103F-16F7-4668-BE54-9A1E7A4F7556}") = "Parmezzan.MessageBus", "Parmezzan.MessageBus\Parmezzan.MessageBus.csproj", "{5B55C674-648D-4AAD-80DB-DEBAAD0F90C7}"
EndProject
Project("{FAE04EC0-301F-11D3-BF4B-00C04F79EFBC}") = "Parmezzan.Services.PaymentAPI", "Parmezzan.Services.PaymentAPI\Parmezzan.Services.PaymentAPI.csproj", "{94BFF78B-3FEC-45BB-B8D2-D292EF1E2ABF}"
EndProject
Project("{FAE04EC0-301F-11D3-BF4B-00C04F79EFBC}") = "Parmezzan.Services.EmailSender", "Parmezzan.Services.EmailSender\Parmezzan.Services.EmailSender.csproj", "{B06F579E-54FE-44A7-94EA-A9E391A4CDE0}"
EndProject
Global
	GlobalSection(SolutionConfigurationPlatforms) = preSolution
		Debug|Any CPU = Debug|Any CPU
		Release|Any CPU = Release|Any CPU
	EndGlobalSection
	GlobalSection(ProjectConfigurationPlatforms) = postSolution
		{5AAA1944-03C0-4F30-95AA-4AEF29845CA1}.Debug|Any CPU.ActiveCfg = Debug|Any CPU
		{5AAA1944-03C0-4F30-95AA-4AEF29845CA1}.Debug|Any CPU.Build.0 = Debug|Any CPU
		{5AAA1944-03C0-4F30-95AA-4AEF29845CA1}.Release|Any CPU.ActiveCfg = Release|Any CPU
		{5AAA1944-03C0-4F30-95AA-4AEF29845CA1}.Release|Any CPU.Build.0 = Release|Any CPU
		{E0F50005-A6C5-4B99-91E9-064F448D035C}.Debug|Any CPU.ActiveCfg = Debug|Any CPU
		{E0F50005-A6C5-4B99-91E9-064F448D035C}.Debug|Any CPU.Build.0 = Debug|Any CPU
		{E0F50005-A6C5-4B99-91E9-064F448D035C}.Release|Any CPU.ActiveCfg = Release|Any CPU
		{E0F50005-A6C5-4B99-91E9-064F448D035C}.Release|Any CPU.Build.0 = Release|Any CPU
		{6E38ECC3-C73E-45D7-A6CC-17BE5817142F}.Debug|Any CPU.ActiveCfg = Debug|Any CPU
		{6E38ECC3-C73E-45D7-A6CC-17BE5817142F}.Debug|Any CPU.Build.0 = Debug|Any CPU
		{6E38ECC3-C73E-45D7-A6CC-17BE5817142F}.Release|Any CPU.ActiveCfg = Release|Any CPU
		{6E38ECC3-C73E-45D7-A6CC-17BE5817142F}.Release|Any CPU.Build.0 = Release|Any CPU
		{12757BEF-2E56-4968-8011-6FAB4656EC68}.Debug|Any CPU.ActiveCfg = Debug|Any CPU
		{12757BEF-2E56-4968-8011-6FAB4656EC68}.Debug|Any CPU.Build.0 = Debug|Any CPU
		{12757BEF-2E56-4968-8011-6FAB4656EC68}.Release|Any CPU.ActiveCfg = Release|Any CPU
		{12757BEF-2E56-4968-8011-6FAB4656EC68}.Release|Any CPU.Build.0 = Release|Any CPU
		{3DB8C312-5C54-4C15-8433-ED54A9A3C10F}.Debug|Any CPU.ActiveCfg = Debug|Any CPU
		{3DB8C312-5C54-4C15-8433-ED54A9A3C10F}.Debug|Any CPU.Build.0 = Debug|Any CPU
		{3DB8C312-5C54-4C15-8433-ED54A9A3C10F}.Release|Any CPU.ActiveCfg = Release|Any CPU
		{3DB8C312-5C54-4C15-8433-ED54A9A3C10F}.Release|Any CPU.Build.0 = Release|Any CPU
		{A02C2F85-777E-40ED-860B-F7FF5CE9D1EB}.Debug|Any CPU.ActiveCfg = Debug|Any CPU
		{A02C2F85-777E-40ED-860B-F7FF5CE9D1EB}.Debug|Any CPU.Build.0 = Debug|Any CPU
		{A02C2F85-777E-40ED-860B-F7FF5CE9D1EB}.Release|Any CPU.ActiveCfg = Release|Any CPU
		{A02C2F85-777E-40ED-860B-F7FF5CE9D1EB}.Release|Any CPU.Build.0 = Release|Any CPU
		{5B55C674-648D-4AAD-80DB-DEBAAD0F90C7}.Debug|Any CPU.ActiveCfg = Debug|Any CPU
		{5B55C674-648D-4AAD-80DB-DEBAAD0F90C7}.Debug|Any CPU.Build.0 = Debug|Any CPU
		{5B55C674-648D-4AAD-80DB-DEBAAD0F90C7}.Release|Any CPU.ActiveCfg = Release|Any CPU
		{5B55C674-648D-4AAD-80DB-DEBAAD0F90C7}.Release|Any CPU.Build.0 = Release|Any CPU
		{94BFF78B-3FEC-45BB-B8D2-D292EF1E2ABF}.Debug|Any CPU.ActiveCfg = Debug|Any CPU
		{94BFF78B-3FEC-45BB-B8D2-D292EF1E2ABF}.Debug|Any CPU.Build.0 = Debug|Any CPU
		{94BFF78B-3FEC-45BB-B8D2-D292EF1E2ABF}.Release|Any CPU.ActiveCfg = Release|Any CPU
		{94BFF78B-3FEC-45BB-B8D2-D292EF1E2ABF}.Release|Any CPU.Build.0 = Release|Any CPU
		{B06F579E-54FE-44A7-94EA-A9E391A4CDE0}.Debug|Any CPU.ActiveCfg = Debug|Any CPU
		{B06F579E-54FE-44A7-94EA-A9E391A4CDE0}.Debug|Any CPU.Build.0 = Debug|Any CPU
		{B06F579E-54FE-44A7-94EA-A9E391A4CDE0}.Release|Any CPU.ActiveCfg = Release|Any CPU
		{B06F579E-54FE-44A7-94EA-A9E391A4CDE0}.Release|Any CPU.Build.0 = Release|Any CPU
	EndGlobalSection
	GlobalSection(SolutionProperties) = preSolution
		HideSolutionNode = FALSE
	EndGlobalSection
	GlobalSection(NestedProjects) = preSolution
		{5AAA1944-03C0-4F30-95AA-4AEF29845CA1} = {E305A4C0-1179-4B09-9F53-EA740DB36BFE}
		{E0F50005-A6C5-4B99-91E9-064F448D035C} = {13506C3C-0E72-470E-98A6-34F1CE051008}
		{6E38ECC3-C73E-45D7-A6CC-17BE5817142F} = {13506C3C-0E72-470E-98A6-34F1CE051008}
		{12757BEF-2E56-4968-8011-6FAB4656EC68} = {13506C3C-0E72-470E-98A6-34F1CE051008}
		{3DB8C312-5C54-4C15-8433-ED54A9A3C10F} = {13506C3C-0E72-470E-98A6-34F1CE051008}
		{A02C2F85-777E-40ED-860B-F7FF5CE9D1EB} = {2E8AF48F-5005-49E8-A346-8B067CBB8949}
		{5B55C674-648D-4AAD-80DB-DEBAAD0F90C7} = {7F4E7567-F606-40A9-9DDE-19C3E0ED69E0}
		{94BFF78B-3FEC-45BB-B8D2-D292EF1E2ABF} = {13506C3C-0E72-470E-98A6-34F1CE051008}
		{B06F579E-54FE-44A7-94EA-A9E391A4CDE0} = {13506C3C-0E72-470E-98A6-34F1CE051008}
	EndGlobalSection
	GlobalSection(ExtensibilityGlobals) = postSolution
		SolutionGuid = {98774BE1-34A5-4635-8E0A-DE7CE7A14C10}
	EndGlobalSection
EndGlobal
